{
  "version": 2,
  "dependencies": {
    "net10.0": {
      "K4os.Compression.LZ4": {
        "type": "Transitive",
        "resolved": "1.3.8",
        "contentHash": "LhwlPa7c1zs1OV2XadMtAWdImjLIsqFJPoRcIWAadSRn0Ri1DepK65UbWLPmt4riLqx2d40xjXRk0ogpqNtK7g=="
      },
      "ZstdSharp.Port": {
        "type": "Transitive",
        "resolved": "0.8.8",
        "contentHash": "UIDFkA5DC3en3tOJ3Mof11yBx9kUQLsaeo/oFdvN6Bbkr9E9+VCqfIadHci8cu+I51K2Sl7XYWVl2R/mA75NBQ=="
      },
      "ManagedCode.Synapse.Contracts": {
        "type": "Project"
      },
      "ManagedCode.Synapse.Runtime": {
        "type": "Project",
        "dependencies": {
          "ManagedCode.Synapse.Contracts": "[1.0.0, )",
          "ZoneTree": "[1.9.8, )"
        }
      },
      "ZoneTree": {
        "type": "CentralTransitive",
        "requested": "[1.9.8, )",
        "resolved": "1.9.8",
        "contentHash": "pCH4glui4AI1oIGFpjOrzr/wf6wBuQpxxOG9hviuQPXTiYGOu/TTFW4T18QBtH0iRbvlyjivHTffqu1fW2lMqg==",
        "dependencies": {
          "K4os.Compression.LZ4": "1.3.8",
          "ZstdSharp.Port": "0.8.8"
        }
      }
    }
  }
}